
Microsoft Visual Studio Solution File, Format Version 12.00
# Visual Studio Express 2013 for Web
VisualStudioVersion = 12.0.31101.0
MinimumVisualStudioVersion = 10.0.40219.1
Project("{FAE04EC0-301F-11D3-BF4B-00C04F79EFBC}") = "TownCleanWeb", "TownCleanWeb\TownCleanWeb.csproj", "{F9541478-0905-4E06-8644-F5D18FA7A5B8}"
EndProject
Project("{FAE04EC0-301F-11D3-BF4B-00C04F79EFBC}") = "TownCleanWeb.Tests", "TownCleanWeb.Tests\TownCleanWeb.Tests.csproj", "{2B18C490-78A3-4824-B1B3-4EB59FFB1689}"
EndProject
Project("{FAE04EC0-301F-11D3-BF4B-00C04F79EFBC}") = "TCDBEntities", "TCDBEntities\TCDBEntities.csproj", "{AF7E359A-FCB9-4B8C-B5DB-355D76011AE4}"
EndProject
Project("{FAE04EC0-301F-11D3-BF4B-00C04F79EFBC}") = "TCServices", "TCServices\TCServices.csproj", "{7747F827-9CF6-483E-9D8B-7B54E25533E1}"
EndProject
Project("{FAE04EC0-301F-11D3-BF4B-00C04F79EFBC}") = "TCRepositories", "TCRepositories\TCRepositories.csproj", "{288CB13D-3FD3-4714-A806-392278811507}"
EndProject
Global
	GlobalSection(SolutionConfigurationPlatforms) = preSolution
		Debug|Any CPU = Debug|Any CPU
		Release|Any CPU = Release|Any CPU
	EndGlobalSection
	GlobalSection(ProjectConfigurationPlatforms) = postSolution
		{F9541478-0905-4E06-8644-F5D18FA7A5B8}.Debug|Any CPU.ActiveCfg = Debug|Any CPU
		{F9541478-0905-4E06-8644-F5D18FA7A5B8}.Debug|Any CPU.Build.0 = Debug|Any CPU
		{F9541478-0905-4E06-8644-F5D18FA7A5B8}.Release|Any CPU.ActiveCfg = Release|Any CPU
		{F9541478-0905-4E06-8644-F5D18FA7A5B8}.Release|Any CPU.Build.0 = Release|Any CPU
		{2B18C490-78A3-4824-B1B3-4EB59FFB1689}.Debug|Any CPU.ActiveCfg = Debug|Any CPU
		{2B18C490-78A3-4824-B1B3-4EB59FFB1689}.Debug|Any CPU.Build.0 = Debug|Any CPU
		{2B18C490-78A3-4824-B1B3-4EB59FFB1689}.Release|Any CPU.ActiveCfg = Release|Any CPU
		{2B18C490-78A3-4824-B1B3-4EB59FFB1689}.Release|Any CPU.Build.0 = Release|Any CPU
		{AF7E359A-FCB9-4B8C-B5DB-355D76011AE4}.Debug|Any CPU.ActiveCfg = Debug|Any CPU
		{AF7E359A-FCB9-4B8C-B5DB-355D76011AE4}.Debug|Any CPU.Build.0 = Debug|Any CPU
		{AF7E359A-FCB9-4B8C-B5DB-355D76011AE4}.Release|Any CPU.ActiveCfg = Release|Any CPU
		{AF7E359A-FCB9-4B8C-B5DB-355D76011AE4}.Release|Any CPU.Build.0 = Release|Any CPU
		{7747F827-9CF6-483E-9D8B-7B54E25533E1}.Debug|Any CPU.ActiveCfg = Debug|Any CPU
		{7747F827-9CF6-483E-9D8B-7B54E25533E1}.Debug|Any CPU.Build.0 = Debug|Any CPU
		{7747F827-9CF6-483E-9D8B-7B54E25533E1}.Release|Any CPU.ActiveCfg = Release|Any CPU
		{7747F827-9CF6-483E-9D8B-7B54E25533E1}.Release|Any CPU.Build.0 = Release|Any CPU
		{288CB13D-3FD3-4714-A806-392278811507}.Debug|Any CPU.ActiveCfg = Debug|Any CPU
		{288CB13D-3FD3-4714-A806-392278811507}.Debug|Any CPU.Build.0 = Debug|Any CPU
		{288CB13D-3FD3-4714-A806-392278811507}.Release|Any CPU.ActiveCfg = Release|Any CPU
		{288CB13D-3FD3-4714-A806-392278811507}.Release|Any CPU.Build.0 = Release|Any CPU
	EndGlobalSection
	GlobalSection(SolutionProperties) = preSolution
		HideSolutionNode = FALSE
	EndGlobalSection
EndGlobal
